
Microsoft Visual Studio Solution File, Format Version 12.00
# Visual Studio 14
VisualStudioVersion = 14.0.25420.1
MinimumVisualStudioVersion = 10.0.40219.1
Project("{FAE04EC0-301F-11D3-BF4B-00C04F79EFBC}") = "DemoLibrary", "ClassLibrary1\DemoLibrary.csproj", "{C93C7EEC-EF10-4115-88CA-AE268B51CD9B}"
EndProject
Project("{FAE04EC0-301F-11D3-BF4B-00C04F79EFBC}") = "DemoUnitTests", "UnitTestProject1\DemoUnitTests.csproj", "{1EA548EC-8CA3-473A-87E8-9B9785D0408E}"
EndProject
Project("{FAE04EC0-301F-11D3-BF4B-00C04F79EFBC}") = "Stubs2Moqs", "Stubs2Moqs\Stubs2Moqs.csproj", "{2A60E86A-71AC-4702-8D62-D472463B3761}"
EndProject
Project("{FAE04EC0-301F-11D3-BF4B-00C04F79EFBC}") = "RoslynHelpers", "RoslynHelpers\RoslynHelpers.csproj", "{C6796AD6-F46B-4560-8BA7-41DF7A4A5AEE}"
EndProject
Global
	GlobalSection(SolutionConfigurationPlatforms) = preSolution
		Debug|Any CPU = Debug|Any CPU
		Debug|x86 = Debug|x86
		Release|Any CPU = Release|Any CPU
		Release|x86 = Release|x86
	EndGlobalSection
	GlobalSection(ProjectConfigurationPlatforms) = postSolution
		{C93C7EEC-EF10-4115-88CA-AE268B51CD9B}.Debug|Any CPU.ActiveCfg = Debug|Any CPU
		{C93C7EEC-EF10-4115-88CA-AE268B51CD9B}.Debug|Any CPU.Build.0 = Debug|Any CPU
		{C93C7EEC-EF10-4115-88CA-AE268B51CD9B}.Debug|x86.ActiveCfg = Debug|Any CPU
		{C93C7EEC-EF10-4115-88CA-AE268B51CD9B}.Debug|x86.Build.0 = Debug|Any CPU
		{C93C7EEC-EF10-4115-88CA-AE268B51CD9B}.Release|Any CPU.ActiveCfg = Release|Any CPU
		{C93C7EEC-EF10-4115-88CA-AE268B51CD9B}.Release|Any CPU.Build.0 = Release|Any CPU
		{C93C7EEC-EF10-4115-88CA-AE268B51CD9B}.Release|x86.ActiveCfg = Release|Any CPU
		{C93C7EEC-EF10-4115-88CA-AE268B51CD9B}.Release|x86.Build.0 = Release|Any CPU
		{1EA548EC-8CA3-473A-87E8-9B9785D0408E}.Debug|Any CPU.ActiveCfg = Debug|Any CPU
		{1EA548EC-8CA3-473A-87E8-9B9785D0408E}.Debug|Any CPU.Build.0 = Debug|Any CPU
		{1EA548EC-8CA3-473A-87E8-9B9785D0408E}.Debug|x86.ActiveCfg = Debug|Any CPU
		{1EA548EC-8CA3-473A-87E8-9B9785D0408E}.Debug|x86.Build.0 = Debug|Any CPU
		{1EA548EC-8CA3-473A-87E8-9B9785D0408E}.Release|Any CPU.ActiveCfg = Release|Any CPU
		{1EA548EC-8CA3-473A-87E8-9B9785D0408E}.Release|Any CPU.Build.0 = Release|Any CPU
		{1EA548EC-8CA3-473A-87E8-9B9785D0408E}.Release|x86.ActiveCfg = Release|Any CPU
		{1EA548EC-8CA3-473A-87E8-9B9785D0408E}.Release|x86.Build.0 = Release|Any CPU
		{2A60E86A-71AC-4702-8D62-D472463B3761}.Debug|Any CPU.ActiveCfg = Debug|x86
		{2A60E86A-71AC-4702-8D62-D472463B3761}.Debug|Any CPU.Build.0 = Debug|x86
		{2A60E86A-71AC-4702-8D62-D472463B3761}.Debug|x86.ActiveCfg = Debug|x86
		{2A60E86A-71AC-4702-8D62-D472463B3761}.Debug|x86.Build.0 = Debug|x86
		{2A60E86A-71AC-4702-8D62-D472463B3761}.Release|Any CPU.ActiveCfg = Release|x86
		{2A60E86A-71AC-4702-8D62-D472463B3761}.Release|x86.ActiveCfg = Release|x86
		{2A60E86A-71AC-4702-8D62-D472463B3761}.Release|x86.Build.0 = Release|x86
		{C6796AD6-F46B-4560-8BA7-41DF7A4A5AEE}.Debug|Any CPU.ActiveCfg = Debug|Any CPU
		{C6796AD6-F46B-4560-8BA7-41DF7A4A5AEE}.Debug|Any CPU.Build.0 = Debug|Any CPU
		{C6796AD6-F46B-4560-8BA7-41DF7A4A5AEE}.Debug|x86.ActiveCfg = Debug|Any CPU
		{C6796AD6-F46B-4560-8BA7-41DF7A4A5AEE}.Debug|x86.Build.0 = Debug|Any CPU
		{C6796AD6-F46B-4560-8BA7-41DF7A4A5AEE}.Release|Any CPU.ActiveCfg = Release|Any CPU
		{C6796AD6-F46B-4560-8BA7-41DF7A4A5AEE}.Release|Any CPU.Build.0 = Release|Any CPU
		{C6796AD6-F46B-4560-8BA7-41DF7A4A5AEE}.Release|x86.ActiveCfg = Release|Any CPU
		{C6796AD6-F46B-4560-8BA7-41DF7A4A5AEE}.Release|x86.Build.0 = Release|Any CPU
	EndGlobalSection
	GlobalSection(SolutionProperties) = preSolution
		HideSolutionNode = FALSE
	EndGlobalSection
EndGlobal
